// !$*UTF8*$!
{
	archiveVersion = 1;
	classes = {
	};
	objectVersion = 46;
	objects = {

/* Begin PBXBuildFile section */
		636543C81BFCA0A600F4491D /* UIView+Ghost.m in Sources */ = {isa = PBXBuildFile; fileRef = 636543C71BFCA0A600F4491D /* UIView+Ghost.m */; };
		636543CC1BFCA0EB00F4491D /* BASENavigationController.m in Sources */ = {isa = PBXBuildFile; fileRef = 636543CB1BFCA0EB00F4491D /* BASENavigationController.m */; };
		636543CF1BFCA13700F4491D /* BASETabBarController.m in Sources */ = {isa = PBXBuildFile; fileRef = 636543CE1BFCA13700F4491D /* BASETabBarController.m */; };
		636543D21BFCA17300F4491D /* BASEViewController.m in Sources */ = {isa = PBXBuildFile; fileRef = 636543D11BFCA17300F4491D /* BASEViewController.m */; };
		636543D61BFD684500F4491D /* FHomeController.m in Sources */ = {isa = PBXBuildFile; fileRef = 636543D51BFD684500F4491D /* FHomeController.m */; };
		636543D91BFD68AE00F4491D /* UINavigationController+Ghost.m in Sources */ = {isa = PBXBuildFile; fileRef = 636543D81BFD68AE00F4491D /* UINavigationController+Ghost.m */; };
		638DB61F1BFDCF2400159FC1 /* FMsgController.m in Sources */ = {isa = PBXBuildFile; fileRef = 638DB61E1BFDCF2400159FC1 /* FMsgController.m */; };
		638DB6221BFDCF3400159FC1 /* FSettingController.m in Sources */ = {isa = PBXBuildFile; fileRef = 638DB6211BFDCF3400159FC1 /* FSettingController.m */; };
		638DB6261BFDCF9000159FC1 /* FDiscoverController.m in Sources */ = {isa = PBXBuildFile; fileRef = 638DB6251BFDCF9000159FC1 /* FDiscoverController.m */; };
		638DB62E1BFDD33000159FC1 /* FQAHTableView.m in Sources */ = {isa = PBXBuildFile; fileRef = 638DB62D1BFDD33000159FC1 /* FQAHTableView.m */; };
		63E9E2F91BF8C382007C5292 /* main.m in Sources */ = {isa = PBXBuildFile; fileRef = 63E9E2F81BF8C382007C5292 /* main.m */; };
		63E9E2FC1BF8C382007C5292 /* AppDelegate.m in Sources */ = {isa = PBXBuildFile; fileRef = 63E9E2FB1BF8C382007C5292 /* AppDelegate.m */; };
		63E9E2FF1BF8C382007C5292 /* ViewController.m in Sources */ = {isa = PBXBuildFile; fileRef = 63E9E2FE1BF8C382007C5292 /* ViewController.m */; };
		63E9E3021BF8C382007C5292 /* Main.storyboard in Resources */ = {isa = PBXBuildFile; fileRef = 63E9E3001BF8C382007C5292 /* Main.storyboard */; };
		63E9E3041BF8C382007C5292 /* Assets.xcassets in Resources */ = {isa = PBXBuildFile; fileRef = 63E9E3031BF8C382007C5292 /* Assets.xcassets */; };
		63E9E3071BF8C382007C5292 /* LaunchScreen.storyboard in Resources */ = {isa = PBXBuildFile; fileRef = 63E9E3051BF8C382007C5292 /* LaunchScreen.storyboard */; };
/* End PBXBuildFile section */

/* Begin PBXFileReference section */
		63047C0B1BFF12D50026CB62 /* AppGlobal.h */ = {isa = PBXFileReference; lastKnownFileType = sourcecode.c.h; path = AppGlobal.h; sourceTree = "<group>"; };
		63047C0C1BFF13460026CB62 /* PrefixHeader.pch */ = {isa = PBXFileReference; lastKnownFileType = sourcecode.c.h; name = PrefixHeader.pch; path = ../PrefixHeader.pch; sourceTree = "<group>"; };
		636543C61BFCA0A600F4491D /* UIView+Ghost.h */ = {isa = PBXFileReference; fileEncoding = 4; lastKnownFileType = sourcecode.c.h; path = "UIView+Ghost.h"; sourceTree = "<group>"; };
		636543C71BFCA0A600F4491D /* UIView+Ghost.m */ = {isa = PBXFileReference; fileEncoding = 4; lastKnownFileType = sourcecode.c.objc; path = "UIView+Ghost.m"; sourceTree = "<group>"; };
		636543CA1BFCA0EB00F4491D /* BASENavigationController.h */ = {isa = PBXFileReference; fileEncoding = 4; lastKnownFileType = sourcecode.c.h; path = BASENavigationController.h; sourceTree = "<group>"; };
		636543CB1BFCA0EB00F4491D /* BASENavigationController.m */ = {isa = PBXFileReference; fileEncoding = 4; lastKnownFileType = sourcecode.c.objc; path = BASENavigationController.m; sourceTree = "<group>"; };
		636543CD1BFCA13700F4491D /* BASETabBarController.h */ = {isa = PBXFileReference; fileEncoding = 4; lastKnownFileType = sourcecode.c.h; path = BASETabBarController.h; sourceTree = "<group>"; };
		636543CE1BFCA13700F4491D /* BASETabBarController.m */ = {isa = PBXFileReference; fileEncoding = 4; lastKnownFileType = sourcecode.c.objc; path = BASETabBarController.m; sourceTree = "<group>"; };
		636543D01BFCA17300F4491D /* BASEViewController.h */ = {isa = PBXFileReference; fileEncoding = 4; lastKnownFileType = sourcecode.c.h; path = BASEViewController.h; sourceTree = "<group>"; };
		636543D11BFCA17300F4491D /* BASEViewController.m */ = {isa = PBXFileReference; fileEncoding = 4; lastKnownFileType = sourcecode.c.objc; path = BASEViewController.m; sourceTree = "<group>"; };
		636543D41BFD684500F4491D /* FHomeController.h */ = {isa = PBXFileReference; fileEncoding = 4; lastKnownFileType = sourcecode.c.h; path = FHomeController.h; sourceTree = "<group>"; };
		636543D51BFD684500F4491D /* FHomeController.m */ = {isa = PBXFileReference; fileEncoding = 4; lastKnownFileType = sourcecode.c.objc; path = FHomeController.m; sourceTree = "<group>"; };
		636543D71BFD68AE00F4491D /* UINavigationController+Ghost.h */ = {isa = PBXFileReference; fileEncoding = 4; lastKnownFileType = sourcecode.c.h; path = "UINavigationController+Ghost.h"; sourceTree = "<group>"; };
		636543D81BFD68AE00F4491D /* UINavigationController+Ghost.m */ = {isa = PBXFileReference; fileEncoding = 4; lastKnownFileType = sourcecode.c.objc; path = "UINavigationController+Ghost.m"; sourceTree = "<group>"; };
		638DB61D1BFDCF2400159FC1 /* FMsgController.h */ = {isa = PBXFileReference; fileEncoding = 4; lastKnownFileType = sourcecode.c.h; path = FMsgController.h; sourceTree = "<group>"; };
		638DB61E1BFDCF2400159FC1 /* FMsgController.m */ = {isa = PBXFileReference; fileEncoding = 4; lastKnownFileType = sourcecode.c.objc; path = FMsgController.m; sourceTree = "<group>"; };
		638DB6201BFDCF3400159FC1 /* FSettingController.h */ = {isa = PBXFileReference; fileEncoding = 4; lastKnownFileType = sourcecode.c.h; path = FSettingController.h; sourceTree = "<group>"; };
		638DB6211BFDCF3400159FC1 /* FSettingController.m */ = {isa = PBXFileReference; fileEncoding = 4; lastKnownFileType = sourcecode.c.objc; path = FSettingController.m; sourceTree = "<group>"; };
		638DB6241BFDCF9000159FC1 /* FDiscoverController.h */ = {isa = PBXFileReference; fileEncoding = 4; lastKnownFileType = sourcecode.c.h; path = FDiscoverController.h; sourceTree = "<group>"; };
		638DB6251BFDCF9000159FC1 /* FDiscoverController.m */ = {isa = PBXFileReference; fileEncoding = 4; lastKnownFileType = sourcecode.c.objc; path = FDiscoverController.m; sourceTree = "<group>"; };
		638DB62C1BFDD33000159FC1 /* FQAHTableView.h */ = {isa = PBXFileReference; fileEncoding = 4; lastKnownFileType = sourcecode.c.h; path = FQAHTableView.h; sourceTree = "<group>"; };
		638DB62D1BFDD33000159FC1 /* FQAHTableView.m */ = {isa = PBXFileReference; fileEncoding = 4; lastKnownFileType = sourcecode.c.objc; path = FQAHTableView.m; sourceTree = "<group>"; };
		63E9E2F41BF8C382007C5292 /* fqah.app */ = {isa = PBXFileReference; explicitFileType = wrapper.application; includeInIndex = 0; path = fqah.app; sourceTree = BUILT_PRODUCTS_DIR; };
		63E9E2F81BF8C382007C5292 /* main.m */ = {isa = PBXFileReference; lastKnownFileType = sourcecode.c.objc; path = main.m; sourceTree = "<group>"; };
		63E9E2FA1BF8C382007C5292 /* AppDelegate.h */ = {isa = PBXFileReference; lastKnownFileType = sourcecode.c.h; path = AppDelegate.h; sourceTree = "<group>"; };
		63E9E2FB1BF8C382007C5292 /* AppDelegate.m */ = {isa = PBXFileReference; lastKnownFileType = sourcecode.c.objc; path = AppDelegate.m; sourceTree = "<group>"; };
		63E9E2FD1BF8C382007C5292 /* ViewController.h */ = {isa = PBXFileReference; lastKnownFileType = sourcecode.c.h; path = ViewController.h; sourceTree = "<group>"; };
		63E9E2FE1BF8C382007C5292 /* ViewController.m */ = {isa = PBXFileReference; lastKnownFileType = sourcecode.c.objc; path = ViewController.m; sourceTree = "<group>"; };
		63E9E3011BF8C382007C5292 /* Base */ = {isa = PBXFileReference; lastKnownFileType = file.storyboard; name = Base; path = Base.lproj/Main.storyboard; sourceTree = "<group>"; };
		63E9E3031BF8C382007C5292 /* Assets.xcassets */ = {isa = PBXFileReference; lastKnownFileType = folder.assetcatalog; path = Assets.xcassets; sourceTree = "<group>"; };
		63E9E3061BF8C382007C5292 /* Base */ = {isa = PBXFileReference; lastKnownFileType = file.storyboard; name = Base; path = Base.lproj/LaunchScreen.storyboard; sourceTree = "<group>"; };
		63E9E3081BF8C382007C5292 /* Info.plist */ = {isa = PBXFileReference; lastKnownFileType = text.plist.xml; path = Info.plist; sourceTree = "<group>"; };
/* End PBXFileReference section */

/* Begin PBXFrameworksBuildPhase section */
		63E9E2F11BF8C382007C5292 /* Frameworks */ = {
			isa = PBXFrameworksBuildPhase;
			buildActionMask = 2147483647;
			files = (
			);
			runOnlyForDeploymentPostprocessing = 0;
		};
/* End PBXFrameworksBuildPhase section */

/* Begin PBXGroup section */
		636543BD1BFCA04100F4491D /* Section */ = {
			isa = PBXGroup;
			children = (
				636543C31BFCA08100F4491D /* Controllers */,
				636543C41BFCA0A600F4491D /* General */,
			);
			path = Section;
			sourceTree = "<group>";
		};
		636543C31BFCA08100F4491D /* Controllers */ = {
			isa = PBXGroup;
			children = (
				636543C91BFCA0C400F4491D /* Base */,
				636543D31BFD681200F4491D /* Home */,
				638DB61B1BFDCF0500159FC1 /* Message */,
				638DB61C1BFDCF0500159FC1 /* Setting */,
				638DB6231BFDCF7000159FC1 /* Discover */,
			);
			path = Controllers;
			sourceTree = "<group>";
		};
		636543C41BFCA0A600F4491D /* General */ = {
			isa = PBXGroup;
			children = (
				638DB6271BFDD2C300159FC1 /* Custom */,
				636543C51BFCA0A600F4491D /* Categories */,
			);
			path = General;
			sourceTree = "<group>";
		};
		636543C51BFCA0A600F4491D /* Categories */ = {
			isa = PBXGroup;
			children = (
				636543C61BFCA0A600F4491D /* UIView+Ghost.h */,
				636543C71BFCA0A600F4491D /* UIView+Ghost.m */,
				636543D71BFD68AE00F4491D /* UINavigationController+Ghost.h */,
				636543D81BFD68AE00F4491D /* UINavigationController+Ghost.m */,
			);
			path = Categories;
			sourceTree = "<group>";
		};
		636543C91BFCA0C400F4491D /* Base */ = {
			isa = PBXGroup;
			children = (
				636543CA1BFCA0EB00F4491D /* BASENavigationController.h */,
				636543CB1BFCA0EB00F4491D /* BASENavigationController.m */,
				636543CD1BFCA13700F4491D /* BASETabBarController.h */,
				636543CE1BFCA13700F4491D /* BASETabBarController.m */,
				636543D01BFCA17300F4491D /* BASEViewController.h */,
				636543D11BFCA17300F4491D /* BASEViewController.m */,
			);
			path = Base;
			sourceTree = "<group>";
		};
		636543D31BFD681200F4491D /* Home */ = {
			isa = PBXGroup;
			children = (
				636543D41BFD684500F4491D /* FHomeController.h */,
				636543D51BFD684500F4491D /* FHomeController.m */,
			);
			path = Home;
			sourceTree = "<group>";
		};
		638DB61B1BFDCF0500159FC1 /* Message */ = {
			isa = PBXGroup;
			children = (
				638DB61D1BFDCF2400159FC1 /* FMsgController.h */,
				638DB61E1BFDCF2400159FC1 /* FMsgController.m */,
			);
			path = Message;
			sourceTree = "<group>";
		};
		638DB61C1BFDCF0500159FC1 /* Setting */ = {
			isa = PBXGroup;
			children = (
				638DB6201BFDCF3400159FC1 /* FSettingController.h */,
				638DB6211BFDCF3400159FC1 /* FSettingController.m */,
			);
			path = Setting;
			sourceTree = "<group>";
		};
		638DB6231BFDCF7000159FC1 /* Discover */ = {
			isa = PBXGroup;
			children = (
				638DB6241BFDCF9000159FC1 /* FDiscoverController.h */,
				638DB6251BFDCF9000159FC1 /* FDiscoverController.m */,
			);
			path = Discover;
			sourceTree = "<group>";
		};
		638DB6271BFDD2C300159FC1 /* Custom */ = {
			isa = PBXGroup;
			children = (
				638DB6281BFDD2D600159FC1 /* TableView */,
			);
			path = Custom;
			sourceTree = "<group>";
		};
		638DB6281BFDD2D600159FC1 /* TableView */ = {
			isa = PBXGroup;
			children = (
				638DB62C1BFDD33000159FC1 /* FQAHTableView.h */,
				638DB62D1BFDD33000159FC1 /* FQAHTableView.m */,
			);
			path = TableView;
			sourceTree = "<group>";
		};
		63E9E2EB1BF8C382007C5292 = {
			isa = PBXGroup;
			children = (
				63E9E2F61BF8C382007C5292 /* fqah */,
				63E9E2F51BF8C382007C5292 /* Products */,
			);
			sourceTree = "<group>";
		};
		63E9E2F51BF8C382007C5292 /* Products */ = {
			isa = PBXGroup;
			children = (
				63E9E2F41BF8C382007C5292 /* fqah.app */,
			);
			name = Products;
			sourceTree = "<group>";
		};
		63E9E2F61BF8C382007C5292 /* fqah */ = {
			isa = PBXGroup;
			children = (
				636543BD1BFCA04100F4491D /* Section */,
				63047C0B1BFF12D50026CB62 /* AppGlobal.h */,
				63E9E2FA1BF8C382007C5292 /* AppDelegate.h */,
				63E9E2FB1BF8C382007C5292 /* AppDelegate.m */,
				63E9E2FD1BF8C382007C5292 /* ViewController.h */,
				63E9E2FE1BF8C382007C5292 /* ViewController.m */,
				63E9E3001BF8C382007C5292 /* Main.storyboard */,
				63E9E3031BF8C382007C5292 /* Assets.xcassets */,
				63E9E3051BF8C382007C5292 /* LaunchScreen.storyboard */,
				63047C0C1BFF13460026CB62 /* PrefixHeader.pch */,
				63E9E3081BF8C382007C5292 /* Info.plist */,
				63E9E2F71BF8C382007C5292 /* Supporting Files */,
			);
			path = fqah;
			sourceTree = "<group>";
		};
		63E9E2F71BF8C382007C5292 /* Supporting Files */ = {
			isa = PBXGroup;
			children = (
				63E9E2F81BF8C382007C5292 /* main.m */,
			);
			name = "Supporting Files";
			sourceTree = "<group>";
		};
/* End PBXGroup section */

/* Begin PBXNativeTarget section */
		63E9E2F31BF8C382007C5292 /* fqah */ = {
			isa = PBXNativeTarget;
			buildConfigurationList = 63E9E30B1BF8C382007C5292 /* Build configuration list for PBXNativeTarget "fqah" */;
			buildPhases = (
				63E9E2F01BF8C382007C5292 /* Sources */,
				63E9E2F11BF8C382007C5292 /* Frameworks */,
				63E9E2F21BF8C382007C5292 /* Resources */,
			);
			buildRules = (
			);
			dependencies = (
			);
			name = fqah;
			productName = fqah;
			productReference = 63E9E2F41BF8C382007C5292 /* fqah.app */;
			productType = "com.apple.product-type.application";
		};
/* End PBXNativeTarget section */

/* Begin PBXProject section */
		63E9E2EC1BF8C382007C5292 /* Project object */ = {
			isa = PBXProject;
			attributes = {
				LastUpgradeCheck = 0710;
				ORGANIZATIONNAME = "__无邪_";
				TargetAttributes = {
					63E9E2F31BF8C382007C5292 = {
						CreatedOnToolsVersion = 7.1.1;
						DevelopmentTeam = G87548ZV66;
					};
				};
			};
			buildConfigurationList = 63E9E2EF1BF8C382007C5292 /* Build configuration list for PBXProject "fqah" */;
			compatibilityVersion = "Xcode 3.2";
			developmentRegion = English;
			hasScannedForEncodings = 0;
			knownRegions = (
				en,
				Base,
			);
			mainGroup = 63E9E2EB1BF8C382007C5292;
			productRefGroup = 63E9E2F51BF8C382007C5292 /* Products */;
			projectDirPath = "";
			projectRoot = "";
			targets = (
				63E9E2F31BF8C382007C5292 /* fqah */,
			);
		};
/* End PBXProject section */

/* Begin PBXResourcesBuildPhase section */
		63E9E2F21BF8C382007C5292 /* Resources */ = {
			isa = PBXResourcesBuildPhase;
			buildActionMask = 2147483647;
			files = (
				63E9E3071BF8C382007C5292 /* LaunchScreen.storyboard in Resources */,
				63E9E3041BF8C382007C5292 /* Assets.xcassets in Resources */,
				63E9E3021BF8C382007C5292 /* Main.storyboard in Resources */,
			);
			runOnlyForDeploymentPostprocessing = 0;
		};
/* End PBXResourcesBuildPhase section */

/* Begin PBXSourcesBuildPhase section */
		63E9E2F01BF8C382007C5292 /* Sources */ = {
			isa = PBXSourcesBuildPhase;
			buildActionMask = 2147483647;
			files = (
				636543CF1BFCA13700F4491D /* BASETabBarController.m in Sources */,
				63E9E2FF1BF8C382007C5292 /* ViewController.m in Sources */,
				63E9E2FC1BF8C382007C5292 /* AppDelegate.m in Sources */,
				636543D91BFD68AE00F4491D /* UINavigationController+Ghost.m in Sources */,
				636543D21BFCA17300F4491D /* BASEViewController.m in Sources */,
				636543CC1BFCA0EB00F4491D /* BASENavigationController.m in Sources */,
				636543C81BFCA0A600F4491D /* UIView+Ghost.m in Sources */,
				63E9E2F91BF8C382007C5292 /* main.m in Sources */,
				638DB61F1BFDCF2400159FC1 /* FMsgController.m in Sources */,
				638DB6261BFDCF9000159FC1 /* FDiscoverController.m in Sources */,
				638DB6221BFDCF3400159FC1 /* FSettingController.m in Sources */,
				638DB62E1BFDD33000159FC1 /* FQAHTableView.m in Sources */,
				636543D61BFD684500F4491D /* FHomeController.m in Sources */,
			);
			runOnlyForDeploymentPostprocessing = 0;
		};
/* End PBXSourcesBuildPhase section */

/* Begin PBXVariantGroup section */
		63E9E3001BF8C382007C5292 /* Main.storyboard */ = {
			isa = PBXVariantGroup;
			children = (
				63E9E3011BF8C382007C5292 /* Base */,
			);
			name = Main.storyboard;
			sourceTree = "<group>";
		};
		63E9E3051BF8C382007C5292 /* LaunchScreen.storyboard */ = {
			isa = PBXVariantGroup;
			children = (
				63E9E3061BF8C382007C5292 /* Base */,
			);
			name = LaunchScreen.storyboard;
			sourceTree = "<group>";
		};
/* End PBXVariantGroup section */

/* Begin XCBuildConfiguration section */
		63E9E3091BF8C382007C5292 /* Debug */ = {
			isa = XCBuildConfiguration;
			buildSettings = {
				ALWAYS_SEARCH_USER_PATHS = NO;
				CLANG_CXX_LANGUAGE_STANDARD = "gnu++0x";
				CLANG_CXX_LIBRARY = "libc++";
				CLANG_ENABLE_MODULES = YES;
				CLANG_ENABLE_OBJC_ARC = YES;
				CLANG_WARN_BOOL_CONVERSION = YES;
				CLANG_WARN_CONSTANT_CONVERSION = YES;
				CLANG_WARN_DIRECT_OBJC_ISA_USAGE = YES_ERROR;
				CLANG_WARN_EMPTY_BODY = YES;
				CLANG_WARN_ENUM_CONVERSION = YES;
				CLANG_WARN_INT_CONVERSION = YES;
				CLANG_WARN_OBJC_ROOT_CLASS = YES_ERROR;
				CLANG_WARN_UNREACHABLE_CODE = YES;
				CLANG_WARN__DUPLICATE_METHOD_MATCH = YES;
				CODE_SIGN_IDENTITY = "";
				"CODE_SIGN_IDENTITY[sdk=iphoneos*]" = "";
				COPY_PHASE_STRIP = NO;
				DEBUG_INFORMATION_FORMAT = dwarf;
				ENABLE_STRICT_OBJC_MSGSEND = YES;
				ENABLE_TESTABILITY = YES;
				GCC_C_LANGUAGE_STANDARD = gnu99;
				GCC_DYNAMIC_NO_PIC = NO;
				GCC_NO_COMMON_BLOCKS = YES;
				GCC_OPTIMIZATION_LEVEL = 0;
				GCC_PREPROCESSOR_DEFINITIONS = (
					"DEBUG=1",
					"$(inherited)",
				);
				GCC_WARN_64_TO_32_BIT_CONVERSION = YES;
				GCC_WARN_ABOUT_RETURN_TYPE = YES_ERROR;
				GCC_WARN_UNDECLARED_SELECTOR = YES;
				GCC_WARN_UNINITIALIZED_AUTOS = YES_AGGRESSIVE;
				GCC_WARN_UNUSED_FUNCTION = YES;
				GCC_WARN_UNUSED_VARIABLE = YES;
				IPHONEOS_DEPLOYMENT_TARGET = 9.1;
				MTL_ENABLE_DEBUG_INFO = YES;
				ONLY_ACTIVE_ARCH = YES;
				PROVISIONING_PROFILE = "f641f620-6511-40e9-b010-3baa1e5982c4";
				SDKROOT = iphoneos;
				TARGETED_DEVICE_FAMILY = "1,2";
			};
			name = Debug;
		};
		63E9E30A1BF8C382007C5292 /* Release */ = {
			isa = XCBuildConfiguration;
			buildSettings = {
				ALWAYS_SEARCH_USER_PATHS = NO;
				CLANG_CXX_LANGUAGE_STANDARD = "gnu++0x";
				CLANG_CXX_LIBRARY = "libc++";
				CLANG_ENABLE_MODULES = YES;
				CLANG_ENABLE_OBJC_ARC = YES;
				CLANG_WARN_BOOL_CONVERSION = YES;
				CLANG_WARN_CONSTANT_CONVERSION = YES;
				CLANG_WARN_DIRECT_OBJC_ISA_USAGE = YES_ERROR;
				CLANG_WARN_EMPTY_BODY = YES;
				CLANG_WARN_ENUM_CONVERSION = YES;
				CLANG_WARN_INT_CONVERSION = YES;
				CLANG_WARN_OBJC_ROOT_CLASS = YES_ERROR;
				CLANG_WARN_UNREACHABLE_CODE = YES;
				CLANG_WARN__DUPLICATE_METHOD_MATCH = YES;
				CODE_SIGN_IDENTITY = "";
				"CODE_SIGN_IDENTITY[sdk=iphoneos*]" = "iPhone Developer";
				COPY_PHASE_STRIP = NO;
				DEBUG_INFORMATION_FORMAT = "dwarf-with-dsym";
				ENABLE_NS_ASSERTIONS = NO;
				ENABLE_STRICT_OBJC_MSGSEND = YES;
				GCC_C_LANGUAGE_STANDARD = gnu99;
				GCC_NO_COMMON_BLOCKS = YES;
				GCC_WARN_64_TO_32_BIT_CONVERSION = YES;
				GCC_WARN_ABOUT_RETURN_TYPE = YES_ERROR;
				GCC_WARN_UNDECLARED_SELECTOR = YES;
				GCC_WARN_UNINITIALIZED_AUTOS = YES_AGGRESSIVE;
				GCC_WARN_UNUSED_FUNCTION = YES;
				GCC_WARN_UNUSED_VARIABLE = YES;
				IPHONEOS_DEPLOYMENT_TARGET = 9.1;
				MTL_ENABLE_DEBUG_INFO = NO;
				PROVISIONING_PROFILE = "f641f620-6511-40e9-b010-3baa1e5982c4";
				SDKROOT = iphoneos;
				TARGETED_DEVICE_FAMILY = "1,2";
				VALIDATE_PRODUCT = YES;
			};
			name = Release;
		};
		63E9E30C1BF8C382007C5292 /* Debug */ = {
			isa = XCBuildConfiguration;
			buildSettings = {
				ASSETCATALOG_COMPILER_APPICON_NAME = AppIcon;
				CODE_SIGN_IDENTITY = "";
				"CODE_SIGN_IDENTITY[sdk=iphoneos*]" = "iPhone Developer";
				GCC_INCREASE_PRECOMPILED_HEADER_SHARING = YES;
				GCC_PRECOMPILE_PREFIX_HEADER = YES;
				GCC_PREFIX_HEADER = /Users/Otherplayer/Desktop/fqah/PrefixHeader.pch;
				INFOPLIST_FILE = fqah/Info.plist;
				IPHONEOS_DEPLOYMENT_TARGET = 7.1;
				LD_RUNPATH_SEARCH_PATHS = "$(inherited) @executable_path/Frameworks";
				PRODUCT_BUNDLE_IDENTIFIER = Otherplayer.fqah;
				PRODUCT_NAME = "$(TARGET_NAME)";
				PROVISIONING_PROFILE = "";
			};
			name = Debug;
		};
		63E9E30D1BF8C382007C5292 /* Release */ = {
			isa = XCBuildConfiguration;
			buildSettings = {
				ASSETCATALOG_COMPILER_APPICON_NAME = AppIcon;
				CODE_SIGN_IDENTITY = "iPhone Developer";
				"CODE_SIGN_IDENTITY[sdk=iphoneos*]" = "iPhone Developer";
				GCC_INCREASE_PRECOMPILED_HEADER_SHARING = YES;
				GCC_PRECOMPILE_PREFIX_HEADER = YES;
				GCC_PREFIX_HEADER = /Users/Otherplayer/Desktop/fqah/PrefixHeader.pch;
				INFOPLIST_FILE = fqah/Info.plist;
				IPHONEOS_DEPLOYMENT_TARGET = 7.1;
				LD_RUNPATH_SEARCH_PATHS = "$(inherited) @executable_path/Frameworks";
				PRODUCT_BUNDLE_IDENTIFIER = Otherplayer.fqah;
				PRODUCT_NAME = "$(TARGET_NAME)";
				PROVISIONING_PROFILE = "";
			};
			name = Release;
		};
/* End XCBuildConfiguration section */

/* Begin XCConfigurationList section */
		63E9E2EF1BF8C382007C5292 /* Build configuration list for PBXProject "fqah" */ = {
			isa = XCConfigurationList;
			buildConfigurations = (
				63E9E3091BF8C382007C5292 /* Debug */,
				63E9E30A1BF8C382007C5292 /* Release */,
			);
			defaultConfigurationIsVisible = 0;
			defaultConfigurationName = Release;
		};
		63E9E30B1BF8C382007C5292 /* Build configuration list for PBXNativeTarget "fqah" */ = {
			isa = XCConfigurationList;
			buildConfigurations = (
				63E9E30C1BF8C382007C5292 /* Debug */,
				63E9E30D1BF8C382007C5292 /* Release */,
			);
			defaultConfigurationIsVisible = 0;
			defaultConfigurationName = Release;
		};
/* End XCConfigurationList section */
	};
	rootObject = 63E9E2EC1BF8C382007C5292 /* Project object */;
}
